
Microsoft Visual Studio Solution File, Format Version 12.00
# Visual Studio Version 16
VisualStudioVersion = 16.0.30523.141
MinimumVisualStudioVersion = 10.0.40219.1
Project("{FAE04EC0-301F-11D3-BF4B-00C04F79EFBC}") = "ConcentrationTest", "ConcentrationTest\ConcentrationTest.csproj", "{34D77098-EB42-4B03-8C66-11D407CBDE8A}"
EndProject
Global
	GlobalSection(SolutionConfigurationPlatforms) = preSolution
		Debug|Any CPU = Debug|Any CPU
		Release|Any CPU = Release|Any CPU
	EndGlobalSection
	GlobalSection(ProjectConfigurationPlatforms) = postSolution
		{34D77098-EB42-4B03-8C66-11D407CBDE8A}.Debug|Any CPU.ActiveCfg = Debug|Any CPU
		{34D77098-EB42-4B03-8C66-11D407CBDE8A}.Debug|Any CPU.Build.0 = Debug|Any CPU
		{34D77098-EB42-4B03-8C66-11D407CBDE8A}.Release|Any CPU.ActiveCfg = Release|Any CPU
		{34D77098-EB42-4B03-8C66-11D407CBDE8A}.Release|Any CPU.Build.0 = Release|Any CPU
	EndGlobalSection
	GlobalSection(SolutionProperties) = preSolution
		HideSolutionNode = FALSE
	EndGlobalSection
	GlobalSection(ExtensibilityGlobals) = postSolution
		SolutionGuid = {F5914D42-E32F-451A-951E-2D105521386B}
	EndGlobalSection
EndGlobal
